
Microsoft Visual Studio Solution File, Format Version 12.00
# Visual Studio 15
VisualStudioVersion = 15.0.28307.572
MinimumVisualStudioVersion = 10.0.40219.1
Project("{8BC9CEB8-8B4A-11D0-8D11-00A0C91BC942}") = "3DGame", "3DGame\3DGame.vcxproj", "{5E7AA32B-C740-439E-B2D8-4C675FC5916F}"
EndProject
Global
	GlobalSection(SolutionConfigurationPlatforms) = preSolution
		Debug|x64 = Debug|x64
		Debug|x86 = Debug|x86
		Release|x64 = Release|x64
		Release|x86 = Release|x86
	EndGlobalSection
	GlobalSection(ProjectConfigurationPlatforms) = postSolution
		{5E7AA32B-C740-439E-B2D8-4C675FC5916F}.Debug|x64.ActiveCfg = Debug|x64
		{5E7AA32B-C740-439E-B2D8-4C675FC5916F}.Debug|x64.Build.0 = Debug|x64
		{5E7AA32B-C740-439E-B2D8-4C675FC5916F}.Debug|x86.ActiveCfg = Debug|Win32
		{5E7AA32B-C740-439E-B2D8-4C675FC5916F}.Debug|x86.Build.0 = Debug|Win32
		{5E7AA32B-C740-439E-B2D8-4C675FC5916F}.Release|x64.ActiveCfg = Release|x64
		{5E7AA32B-C740-439E-B2D8-4C675FC5916F}.Release|x64.Build.0 = Release|x64
		{5E7AA32B-C740-439E-B2D8-4C675FC5916F}.Release|x86.ActiveCfg = Release|Win32
		{5E7AA32B-C740-439E-B2D8-4C675FC5916F}.Release|x86.Build.0 = Release|Win32
	EndGlobalSection
	GlobalSection(SolutionProperties) = preSolution
		HideSolutionNode = FALSE
	EndGlobalSection
	GlobalSection(ExtensibilityGlobals) = postSolution
		SolutionGuid = {13CCC7A3-1BE2-4362-81E9-78C27D5FAABA}
	EndGlobalSection
EndGlobal
